
Microsoft Visual Studio Solution File, Format Version 12.00
# Visual Studio Version 17
VisualStudioVersion = 17.11.35312.102
MinimumVisualStudioVersion = 10.0.40219.1
Project("{888888A0-9F3D-457C-B088-3A5042F75D52}") = "Zad5", "Zad5\Zad5.pyproj", "{E2AE7A3B-0BC5-4C76-AC19-51897FCEE0F5}"
EndProject
Global
	GlobalSection(SolutionConfigurationPlatforms) = preSolution
		Debug|Any CPU = Debug|Any CPU
		Release|Any CPU = Release|Any CPU
	EndGlobalSection
	GlobalSection(ProjectConfigurationPlatforms) = postSolution
		{E2AE7A3B-0BC5-4C76-AC19-51897FCEE0F5}.Debug|Any CPU.ActiveCfg = Debug|Any CPU
		{E2AE7A3B-0BC5-4C76-AC19-51897FCEE0F5}.Release|Any CPU.ActiveCfg = Release|Any CPU
	EndGlobalSection
	GlobalSection(SolutionProperties) = preSolution
		HideSolutionNode = FALSE
	EndGlobalSection
	GlobalSection(ExtensibilityGlobals) = postSolution
		SolutionGuid = {54C041A5-71A4-4BEE-9FE8-986215FFBEC7}
	EndGlobalSection
EndGlobal
