
Microsoft Visual Studio Solution File, Format Version 12.00
# Visual Studio Version 17
VisualStudioVersion = 17.11.35312.102
MinimumVisualStudioVersion = 10.0.40219.1
Project("{888888A0-9F3D-457C-B088-3A5042F75D52}") = "Zad1", "Zad1\Zad1.pyproj", "{6508B192-FC8C-4584-B5B6-94997A955FDC}"
EndProject
Global
	GlobalSection(SolutionConfigurationPlatforms) = preSolution
		Debug|Any CPU = Debug|Any CPU
		Release|Any CPU = Release|Any CPU
	EndGlobalSection
	GlobalSection(ProjectConfigurationPlatforms) = postSolution
		{6508B192-FC8C-4584-B5B6-94997A955FDC}.Debug|Any CPU.ActiveCfg = Debug|Any CPU
		{6508B192-FC8C-4584-B5B6-94997A955FDC}.Release|Any CPU.ActiveCfg = Release|Any CPU
	EndGlobalSection
	GlobalSection(SolutionProperties) = preSolution
		HideSolutionNode = FALSE
	EndGlobalSection
	GlobalSection(ExtensibilityGlobals) = postSolution
		SolutionGuid = {A1ABD188-9267-46BF-BA60-78FCFC1DF219}
	EndGlobalSection
EndGlobal
